
Microsoft Visual Studio Solution File, Format Version 12.00
# Visual Studio 15
VisualStudioVersion = 15.0.28307.489
MinimumVisualStudioVersion = 10.0.40219.1
Project("{FAE04EC0-301F-11D3-BF4B-00C04F79EFBC}") = "Assign2Tennis", "Assign2Tennis\Assign2Tennis.csproj", "{0376A96F-68B0-47CB-99EF-08B7D9C51629}"
EndProject
Global
	GlobalSection(SolutionConfigurationPlatforms) = preSolution
		Debug|Any CPU = Debug|Any CPU
		Release|Any CPU = Release|Any CPU
	EndGlobalSection
	GlobalSection(ProjectConfigurationPlatforms) = postSolution
		{0376A96F-68B0-47CB-99EF-08B7D9C51629}.Debug|Any CPU.ActiveCfg = Debug|Any CPU
		{0376A96F-68B0-47CB-99EF-08B7D9C51629}.Debug|Any CPU.Build.0 = Debug|Any CPU
		{0376A96F-68B0-47CB-99EF-08B7D9C51629}.Release|Any CPU.ActiveCfg = Release|Any CPU
		{0376A96F-68B0-47CB-99EF-08B7D9C51629}.Release|Any CPU.Build.0 = Release|Any CPU
	EndGlobalSection
	GlobalSection(SolutionProperties) = preSolution
		HideSolutionNode = FALSE
	EndGlobalSection
	GlobalSection(ExtensibilityGlobals) = postSolution
		SolutionGuid = {6DC54A44-82AA-4FC5-B29B-90D1C3BFE3D4}
	EndGlobalSection
EndGlobal
